
Microsoft Visual Studio Solution File, Format Version 12.00
# Visual Studio Version 16
VisualStudioVersion = 16.0.31624.102
MinimumVisualStudioVersion = 10.0.40219.1
Project("{FAE04EC0-301F-11D3-BF4B-00C04F79EFBC}") = "ChessExample", "ChessExample.csproj", "{9011B7EE-4532-4BB8-B4CF-DAC6AA827C68}"
EndProject
Global
	GlobalSection(SolutionConfigurationPlatforms) = preSolution
		Debug|Any CPU = Debug|Any CPU
		Release|Any CPU = Release|Any CPU
	EndGlobalSection
	GlobalSection(ProjectConfigurationPlatforms) = postSolution
		{9011B7EE-4532-4BB8-B4CF-DAC6AA827C68}.Debug|Any CPU.ActiveCfg = Debug|Any CPU
		{9011B7EE-4532-4BB8-B4CF-DAC6AA827C68}.Debug|Any CPU.Build.0 = Debug|Any CPU
		{9011B7EE-4532-4BB8-B4CF-DAC6AA827C68}.Release|Any CPU.ActiveCfg = Release|Any CPU
		{9011B7EE-4532-4BB8-B4CF-DAC6AA827C68}.Release|Any CPU.Build.0 = Release|Any CPU
	EndGlobalSection
	GlobalSection(SolutionProperties) = preSolution
		HideSolutionNode = FALSE
	EndGlobalSection
	GlobalSection(ExtensibilityGlobals) = postSolution
		SolutionGuid = {99F8A957-2A22-4557-A0C9-91ED8A9A41D6}
	EndGlobalSection
EndGlobal
